
Microsoft Visual Studio Solution File, Format Version 12.00
# Visual Studio Version 17
VisualStudioVersion = 17.11.35312.102
MinimumVisualStudioVersion = 10.0.40219.1
Project("{FAE04EC0-301F-11D3-BF4B-00C04F79EFBC}") = "BruCWeb", "BruCWeb\BruCWeb.csproj", "{0B883B3B-A738-4DAE-BD57-45E1E295BF99}"
EndProject
Global
	GlobalSection(SolutionConfigurationPlatforms) = preSolution
		Debug|Any CPU = Debug|Any CPU
		Release|Any CPU = Release|Any CPU
	EndGlobalSection
	GlobalSection(ProjectConfigurationPlatforms) = postSolution
		{0B883B3B-A738-4DAE-BD57-45E1E295BF99}.Debug|Any CPU.ActiveCfg = Debug|Any CPU
		{0B883B3B-A738-4DAE-BD57-45E1E295BF99}.Debug|Any CPU.Build.0 = Debug|Any CPU
		{0B883B3B-A738-4DAE-BD57-45E1E295BF99}.Release|Any CPU.ActiveCfg = Release|Any CPU
		{0B883B3B-A738-4DAE-BD57-45E1E295BF99}.Release|Any CPU.Build.0 = Release|Any CPU
	EndGlobalSection
	GlobalSection(SolutionProperties) = preSolution
		HideSolutionNode = FALSE
	EndGlobalSection
	GlobalSection(ExtensibilityGlobals) = postSolution
		SolutionGuid = {1F44F1D5-5F18-4B26-86F9-CE9B8B59BF20}
	EndGlobalSection
EndGlobal
